
Microsoft Visual Studio Solution File, Format Version 12.00
# Visual Studio Version 17
VisualStudioVersion = 17.12.35527.113 d17.12
MinimumVisualStudioVersion = 10.0.40219.1
Project("{FAE04EC0-301F-11D3-BF4B-00C04F79EFBC}") = "MiniHTMLTextBox", "MiniHTMLTextBox\MiniHTMLTextBox.csproj", "{97A6A0F6-4540-41CA-8150-82463B245484}"
EndProject
Project("{FAE04EC0-301F-11D3-BF4B-00C04F79EFBC}") = "MiniHTMLTextBoxSample", "MiniHTMLTextBoxSample\MiniHTMLTextBoxSample.csproj", "{45AD965A-89C2-4F16-A6F8-38857AF83B89}"
EndProject
Global
	GlobalSection(SolutionConfigurationPlatforms) = preSolution
		Debug|Any CPU = Debug|Any CPU
		Release|Any CPU = Release|Any CPU
	EndGlobalSection
	GlobalSection(ProjectConfigurationPlatforms) = postSolution
		{97A6A0F6-4540-41CA-8150-82463B245484}.Debug|Any CPU.ActiveCfg = Debug|Any CPU
		{97A6A0F6-4540-41CA-8150-82463B245484}.Debug|Any CPU.Build.0 = Debug|Any CPU
		{97A6A0F6-4540-41CA-8150-82463B245484}.Release|Any CPU.ActiveCfg = Release|Any CPU
		{97A6A0F6-4540-41CA-8150-82463B245484}.Release|Any CPU.Build.0 = Release|Any CPU
		{45AD965A-89C2-4F16-A6F8-38857AF83B89}.Debug|Any CPU.ActiveCfg = Debug|Any CPU
		{45AD965A-89C2-4F16-A6F8-38857AF83B89}.Debug|Any CPU.Build.0 = Debug|Any CPU
		{45AD965A-89C2-4F16-A6F8-38857AF83B89}.Release|Any CPU.ActiveCfg = Release|Any CPU
		{45AD965A-89C2-4F16-A6F8-38857AF83B89}.Release|Any CPU.Build.0 = Release|Any CPU
	EndGlobalSection
	GlobalSection(SolutionProperties) = preSolution
		HideSolutionNode = FALSE
	EndGlobalSection
	GlobalSection(ExtensibilityGlobals) = postSolution
		SolutionGuid = {47C186FA-C028-40D8-846C-7F1655750C8D}
	EndGlobalSection
EndGlobal
